
Microsoft Visual Studio Solution File, Format Version 12.00
# Visual Studio Version 17
VisualStudioVersion = 17.7.34031.279
MinimumVisualStudioVersion = 10.0.40219.1
Project("{FAE04EC0-301F-11D3-BF4B-00C04F79EFBC}") = "ValheimNoclip", "ValheimNoclip\ValheimNoclip.csproj", "{765C640A-1DE8-4662-AE8E-04588C3C36D8}"
EndProject
Global
	GlobalSection(SolutionConfigurationPlatforms) = preSolution
		Debug|Any CPU = Debug|Any CPU
		Release|Any CPU = Release|Any CPU
	EndGlobalSection
	GlobalSection(ProjectConfigurationPlatforms) = postSolution
		{765C640A-1DE8-4662-AE8E-04588C3C36D8}.Debug|Any CPU.ActiveCfg = Debug|Any CPU
		{765C640A-1DE8-4662-AE8E-04588C3C36D8}.Debug|Any CPU.Build.0 = Debug|Any CPU
		{765C640A-1DE8-4662-AE8E-04588C3C36D8}.Release|Any CPU.ActiveCfg = Release|Any CPU
		{765C640A-1DE8-4662-AE8E-04588C3C36D8}.Release|Any CPU.Build.0 = Release|Any CPU
	EndGlobalSection
	GlobalSection(SolutionProperties) = preSolution
		HideSolutionNode = FALSE
	EndGlobalSection
	GlobalSection(ExtensibilityGlobals) = postSolution
		SolutionGuid = {A9DCAA94-119E-4E53-913D-C28D4864A8F2}
	EndGlobalSection
EndGlobal
